dependencies:
  78/xiaozhi-fonts:
    component_hash: 19ee829a7439702e18084a313b7b86017d3b8d17a094684575edc76bb6d11023
    dependencies:
    - name: idf
      require: private
      version: '>=5.3'
    source:
      registry_url: https://components.espressif.com/
      type: service
    version: 1.6.0
  chmorgan/esp-libhelix-mp3:
    component_hash: cbb76089dc2c5749f7b470e2e70aedc44c9da519e04eb9a67d4c7ec275229e53
    dependencies:
    - name: idf
      require: private
      version: '>=4.1.0'
    source:
      registry_url: https://components.espressif.com/
      type: service
    version: 1.0.3
  cmake_utilities:
    dependencies: []
    source:
      path: components/cmake_utilities
      type: local
    version: 0.5.3
  esp_io_expander_pca9557:
    dependencies:
    - name: idf
      version: '>=5.2'
    - name: espressif/esp_io_expander
      public: true
      version: ^1.2.0
    source:
      path: components/brookesia_hal_boards/boards/rymcu/rymcu_bigsmart/components/esp_io_expander_pca9557
      type: local
    version: 0.1.0
  espressif/button:
    component_hash: ad64de1d1b8aa139564810a8519b2f1ac275a560a512479ee94c1b6983469d4b
    dependencies:
    - name: espressif/cmake_utilities
      registry_url: https://components.espressif.com
      require: private
      version: '*'
    - name: idf
      require: private
      version: '>=4.0'
    source:
      registry_url: https://components.espressif.com/
      type: service
    version: 4.2.0
  espressif/cjson:
    component_hash: e788323270d90738662d66fffa910bfe1fba019bba087f01557e70c40485b469
    dependencies:
    - name: idf
      require: private
      version: '>=5.0'
    source:
      registry_url: https://components.espressif.com/
      type: service
    version: 1.7.19~2
  espressif/esp_cam_sensor:
    component_hash: 4ed9e34055a7ac5d6c60552c21dfa470deaadb7eda8040d157c5f3314de8d2fd
    dependencies:
    - name: espressif/cmake_utilities
      registry_url: https://components.espressif.com
      require: private
      version: 0.*
    - name: espressif/esp_sccb_intf
      registry_url: https://components.espressif.com
      require: private
      version: '>=0.0.5'
    - name: idf
      require: private
      version: '>=5.3'
    source:
      registry_url: https://components.espressif.com
      type: service
    targets:
    - esp32p4
    - esp32s3
    - esp32c3
    - esp32c5
    - esp32c6
    - esp32c61
    - esp32s31
    version: 2.3.0
  espressif/esp_codec_dev:
    component_hash: 54870f7a66dd93367b4153dedb22299efadf8b7b2ead322cdebc7c92a542fa35
    dependencies:
    - name: idf
      require: private
      version: '>=4.0'
    source:
      registry_url: https://components.espressif.com/
      type: service
    version: 1.5.7
  espressif/esp_io_expander:
    component_hash: 7b7f91270172e46ca4597e3874f48d8412e280e8c295559f5922ec38656e3e5f
    dependencies:
    - name: idf
      require: private
      version: '>=4.4.2'
    source:
      registry_url: https://components.espressif.com/
      type: service
    version: 1.2.1
  espressif/esp_lcd_touch:
    component_hash: 3f85a7d95af876f1a6ecca8eb90a81614890d0f03a038390804e5a77e2caf862
    dependencies:
    - name: idf
      require: private
      version: '>=4.4.2'
    source:
      registry_url: https://components.espressif.com/
      type: service
    version: 1.2.1
  espressif/esp_lcd_touch_gt911:
    component_hash: 07f678e4202d79bbad917805dcec4134ff08344177720f32ec4898267ad9e394
    dependencies:
    - name: espressif/esp_lcd_touch
      registry_url: https://components.espressif.com
      require: public
      version: ^1.2.0
    - name: idf
      require: private
      version: '>=5.2'
    source:
      registry_url: https://components.espressif.com/
      type: service
    version: 1.2.0~3
  espressif/esp_lvgl_port:
    component_hash: fb6c1fdfe70d4ca39a035d63ca394a35f17ec84ce16ff98ecb13a54155d75da4
    dependencies:
    - name: idf
      require: private
      version: '>=5.2'
    - name: lvgl/lvgl
      registry_url: https://components.espressif.com
      require: public
      version: '>=8,<10'
    source:
      registry_url: https://components.espressif.com/
      type: service
    version: 2.8.0~1
  espressif/esp_new_jpeg:
    component_hash: e6af208a875abd0ecfc0213d3751a11b504b463ebde6930f24096047925fa5c1
    dependencies: []
    source:
      registry_url: https://components.espressif.com/
      type: service
    targets:
    - esp32
    - esp32s2
    - esp32s3
    - esp32p4
    - esp32c2
    - esp32c3
    - esp32c5
    - esp32c6
    version: 0.6.1
  espressif/esp_sccb_intf:
    component_hash: c071b189e49f40940722aea01a5489f873385cc39cd5b14012341135b85d1a9d
    dependencies:
    - name: idf
      require: private
      version: '>=5.3'
    source:
      registry_url: https://components.espressif.com
      type: service
    version: 0.0.8
  espressif/esp_tinyusb:
    component_hash: fa0c96d7bdc3fe37383d735e2839a9007200a0b6bc039458d45d004b50146e81
    dependencies:
    - name: idf
      require: private
      version: '>=5.0'
    - name: espressif/tinyusb
      registry_url: https://components.espressif.com
      require: public
      version: '>=0.17.0~2'
    source:
      registry_url: https://components.espressif.com/
      type: service
    targets:
    - esp32s2
    - esp32s3
    - esp32p4
    - esp32h4
    version: 2.1.1
  espressif/esp_video:
    component_hash: 2391b4f34230cb1eeea23a0cb1920ae762bb9f0252d4947fe981154530519198
    dependencies:
    - name: espressif/cmake_utilities
      registry_url: https://components.espressif.com
      require: private
      version: 0.*
    - name: espressif/esp_cam_sensor
      registry_url: https://components.espressif.com
      require: private
      version: 2.3.*
    - name: espressif/esp_h264
      registry_url: https://components.espressif.com
      require: private
      rules:
      - if: target in [esp32p4]
      version: 1.3.0
    - name: espressif/esp_ipa
      registry_url: https://components.espressif.com
      require: private
      rules:
      - if: target in [esp32p4]
      version: 2.2.*
    - name: idf
      require: private
      version: '>=5.4'
    - name: espressif/usb_host_uvc
      registry_url: https://components.espressif.com
      require: private
      rules:
      - if: target in [esp32p4, esp32s3, esp32s31]
      version: 2.5.*
    source:
      registry_url: https://components.espressif.com/
      type: service
    targets:
    - esp32p4
    - esp32s3
    - esp32c3
    - esp32c5
    - esp32c6
    - esp32c61
    - esp32s31
    version: 2.3.0
  espressif/esp_websocket_client:
    component_hash: dc00233af846f3a744ada283a300e0d586040aadc3ee67361645ecdce4523672
    dependencies:
    - name: idf
      require: private
      version: '>=5.0'
    source:
      registry_url: https://components.espressif.com/
      type: service
    version: 1.8.0
  espressif/led_strip:
    component_hash: 28621486f77229aaf81c71f5e15d6fbf36c2949cf11094e07090593e659e7639
    dependencies:
    - name: idf
      require: private
      version: '>=5.0'
    source:
      registry_url: https://components.espressif.com/
      type: service
    version: 3.0.3
  espressif/mqtt:
    component_hash: ffdad5659706b4dc14bc63f8eb73ef765efa015bf7e9adf71c813d52a2dc9342
    dependencies:
    - name: idf
      require: private
      version: '>=5.3'
    source:
      registry_url: https://components.espressif.com/
      type: service
    version: 1.0.0
  espressif/tinyusb:
    component_hash: a72b7d67472914ab76309340fd50d578b31e310963d45ad0f81144bde3314752
    dependencies:
    - name: idf
      require: private
      version: '>=5.0'
    source:
      registry_url: https://components.espressif.com
      type: service
    targets:
    - esp32s2
    - esp32s3
    - esp32p4
    - esp32h4
    - esp32s31
    version: 0.21.0~1
  espressif/usb:
    component_hash: 6c2cff118141dbbca181d0d27d71801fdddfc78f7ac03ae43f6e5a8cbd89cb99
    dependencies:
    - name: idf
      require: private
      version: '>=5.5.3'
    source:
      registry_url: https://components.espressif.com
      type: service
    targets:
    - esp32s2
    - esp32s3
    - esp32s31
    - esp32p4
    - esp32h4
    - linux
    version: 1.5.0
  espressif/usb_host_uvc:
    component_hash: 3dde9c89980212de1e394a29d3fe782a2988a08fd2a16af34eee6f642aab6ebe
    dependencies:
    - name: idf
      require: private
      version: '>=5.0'
    - name: espressif/usb
      registry_url: https://components.espressif.com
      require: public
      rules:
      - if: idf_version >=6.0
      - if: target not in ["linux"]
      version: ^1.0.0
    source:
      registry_url: https://components.espressif.com
      type: service
    targets:
    - esp32s2
    - esp32s3
    - esp32p4
    - esp32h4
    - esp32s31
    - linux
    version: 2.5.1
  idf:
    source:
      type: idf
    version: 6.0.2
  lvgl/lvgl:
    component_hash: b702d642e03e95928046d5c6726558e6444e112420c77efa5fdb6650b0a13c5d
    dependencies: []
    source:
      registry_url: https://components.espressif.com/
      type: service
    version: 9.3.0
direct_dependencies:
- 78/xiaozhi-fonts
- chmorgan/esp-libhelix-mp3
- esp_io_expander_pca9557
- espressif/button
- espressif/cjson
- espressif/esp_codec_dev
- espressif/esp_io_expander
- espressif/esp_lcd_touch
- espressif/esp_lcd_touch_gt911
- espressif/esp_lvgl_port
- espressif/esp_new_jpeg
- espressif/esp_tinyusb
- espressif/esp_video
- espressif/esp_websocket_client
- espressif/led_strip
- espressif/mqtt
- idf
- lvgl/lvgl
manifest_hash: e8acecfb2d7fd75c41350d5bd098826a018faae927ba281605ff61e58666f7d2
target: esp32s3
version: 3.0.0
