dependencies:
  78/xiaozhi-fonts:
    component_hash: 19ee829a7439702e18084a313b7b86017d3b8d17a094684575edc76bb6d11023
    dependencies:
    - name: idf
      require: private
      version: '>=5.3'
    source:
      registry_url: https://components.espressif.com/
      type: service
    version: 1.6.0
  brookesia_hal_interface:
    dependencies: []
    source:
      path: D:\workspace\rodakos\components\brookesia_hal_interface
      type: local
    version: 0.7.5
  brookesia_lib_utils:
    dependencies: []
    source:
      path: D:\workspace\rodakos\components\brookesia_lib_utils
      type: local
    version: 0.7.9
  chmorgan/esp-libhelix-mp3:
    component_hash: cbb76089dc2c5749f7b470e2e70aedc44c9da519e04eb9a67d4c7ec275229e53
    dependencies:
    - name: idf
      require: private
      version: '>=4.1.0'
    source:
      registry_url: https://components.espressif.com/
      type: service
    version: 1.0.3
  cmake_utilities:
    dependencies: []
    source:
      path: D:\workspace\rodakos\components\cmake_utilities
      type: local
    version: 0.5.3
  esp_board_manager:
    dependencies: []
    source:
      path: D:\workspace\rodakos\components\esp_board_manager
      type: local
    version: 0.5.15
  esp_io_expander_pca9557:
    dependencies:
    - name: idf
      version: '>=5.2'
    - name: espressif/esp_io_expander
      public: true
      version: ^1.2.0
    source:
      path: D:\workspace\rodakos\components\brookesia_hal_boards\boards\rymcu\rymcu_bigsmart\components\esp_io_expander_pca9557
      type: local
    version: 0.1.0
  espressif/button:
    component_hash: ad64de1d1b8aa139564810a8519b2f1ac275a560a512479ee94c1b6983469d4b
    dependencies:
    - name: espressif/cmake_utilities
      registry_url: https://components.espressif.com
      require: private
      version: '*'
    - name: idf
      require: private
      version: '>=4.0'
    source:
      registry_url: https://components.espressif.com/
      type: service
    version: 4.2.0
  espressif/esp-boost:
    component_hash: 332946a64356203e9443a3bae9cec93ef8aab6df37de2f61270c972f238f9b3f
    dependencies:
    - name: idf
      require: private
      version: '>=5.5'
    source:
      registry_url: https://components.espressif.com/
      type: service
    version: 0.6.0
  espressif/esp_codec_dev:
    component_hash: 54870f7a66dd93367b4153dedb22299efadf8b7b2ead322cdebc7c92a542fa35
    dependencies:
    - name: idf
      require: private
      version: '>=4.0'
    source:
      registry_url: https://components.espressif.com/
      type: service
    version: 1.5.7
  espressif/esp_io_expander:
    component_hash: 7b7f91270172e46ca4597e3874f48d8412e280e8c295559f5922ec38656e3e5f
    dependencies:
    - name: idf
      require: private
      version: '>=4.4.2'
    source:
      registry_url: https://components.espressif.com/
      type: service
    version: 1.2.1
  espressif/esp_lcd_touch:
    component_hash: 3f85a7d95af876f1a6ecca8eb90a81614890d0f03a038390804e5a77e2caf862
    dependencies:
    - name: idf
      require: private
      version: '>=4.4.2'
    source:
      registry_url: https://components.espressif.com/
      type: service
    version: 1.2.1
  espressif/esp_lcd_touch_gt911:
    component_hash: e3d8f37a430c4d053346b27fb1eec2b0670d0e07d9eb8a8cd084ac06f4cc5b80
    dependencies:
    - name: idf
      require: private
      version: '>=4.4.2'
    - name: espressif/esp_lcd_touch
      registry_url: https://components.espressif.com
      require: public
      version: ^1.0.4
    source:
      registry_url: https://components.espressif.com/
      type: service
    version: 1.0.7~1
  espressif/esp_lvgl_port:
    component_hash: 3264cc85d86a7c32b67d26a1353a57c67e7986bb293ebb1731801936b056e632
    dependencies:
    - name: idf
      require: private
      version: '>=5.1'
    - name: lvgl/lvgl
      registry_url: https://components.espressif.com
      require: public
      version: '>=8,<10'
    source:
      registry_url: https://components.espressif.com/
      type: service
    version: 2.6.3
  espressif/esp_new_jpeg:
    component_hash: e6af208a875abd0ecfc0213d3751a11b504b463ebde6930f24096047925fa5c1
    dependencies: []
    source:
      registry_url: https://components.espressif.com/
      type: service
    targets:
    - esp32
    - esp32s2
    - esp32s3
    - esp32p4
    - esp32c2
    - esp32c3
    - esp32c5
    - esp32c6
    version: 0.6.1
  espressif/esp_tinyusb:
    component_hash: fa0c96d7bdc3fe37383d735e2839a9007200a0b6bc039458d45d004b50146e81
    dependencies:
    - name: idf
      require: private
      version: '>=5.0'
    - name: espressif/tinyusb
      registry_url: https://components.espressif.com
      require: public
      version: '>=0.17.0~2'
    source:
      registry_url: https://components.espressif.com/
      type: service
    targets:
    - esp32s2
    - esp32s3
    - esp32p4
    - esp32h4
    version: 2.1.1
  espressif/tinyusb:
    component_hash: 5ea9d3b6d6b0734a0a0b3491967aa0e1bece2974132294dbda5dd2839b247bfa
    dependencies:
    - name: idf
      require: private
      version: '>=5.0'
    source:
      registry_url: https://components.espressif.com
      type: service
    targets:
    - esp32s2
    - esp32s3
    - esp32p4
    - esp32h4
    version: 0.19.0~2
  idf:
    source:
      type: idf
    version: 5.5.4
  joltwallet/littlefs:
    component_hash: dcea25bcef2de023f089f5f01e8d8c46ad1b8ffef75861ad5ffb4098555839df
    dependencies:
    - name: idf
      require: private
      version: '>=5.0'
    source:
      registry_url: https://components.espressif.com/
      type: service
    version: 1.20.4
  lvgl/lvgl:
    component_hash: b702d642e03e95928046d5c6726558e6444e112420c77efa5fdb6650b0a13c5d
    dependencies: []
    source:
      registry_url: https://components.espressif.com/
      type: service
    version: 9.3.0
direct_dependencies:
- 78/xiaozhi-fonts
- chmorgan/esp-libhelix-mp3
- esp_io_expander_pca9557
- espressif/brookesia_hal_interface
- espressif/brookesia_lib_utils
- espressif/button
- espressif/cmake_utilities
- espressif/esp-boost
- espressif/esp_board_manager
- espressif/esp_codec_dev
- espressif/esp_io_expander
- espressif/esp_lcd_touch
- espressif/esp_lcd_touch_gt911
- espressif/esp_lvgl_port
- espressif/esp_new_jpeg
- espressif/esp_tinyusb
- idf
- joltwallet/littlefs
- lvgl/lvgl
manifest_hash: 7fab19b0216c3a72bc988c507fa9f022b3c246f5633231f626a1b21eab05f606
target: esp32s3
version: 2.0.0
